// !$*UTF8*$!
{
	archiveVersion = 1;
	classes = {
	};
	objectVersion = 46;
	objects = {

/* Begin PBXAggregateTarget section */
		24416B8111C4CA220047AFDD /* Build & Test */ = {
			isa = PBXAggregateTarget;
			buildConfigurationList = 24416B8A11C4CA520047AFDD /* Build configuration list for PBXAggregateTarget "Build & Test" */;
			buildPhases = (
				24416B8011C4CA220047AFDD /* ShellScript */,
			);
			dependencies = (
				24416B8511C4CA280047AFDD /* PBXTargetDependency */,
			);
			name = "Build & Test";
			productName = "Build & test";
		};
/* End PBXAggregateTarget section */

/* Begin PBXBuildFile section */
		24DD6CF91134B3F500162E58 /* CountLyMessagingModule.h in Headers */ = {isa = PBXBuildFile; fileRef = 24DD6CF71134B3F500162E58 /* CountLyMessagingModule.h */; };
		24DE9E1111C5FE74003F90F6 /* CountLyMessagingModuleAssets.h in Headers */ = {isa = PBXBuildFile; fileRef = 24DE9E0F11C5FE74003F90F6 /* CountLyMessagingModuleAssets.h */; };
		A82C47AB1CD890DE002ED99F /* Countly.h in Headers */ = {isa = PBXBuildFile; fileRef = A82C47901CD890DE002ED99F /* Countly.h */; };
		A82C47AD1CD890DE002ED99F /* Countly_OpenUDID.h in Headers */ = {isa = PBXBuildFile; fileRef = A82C47931CD890DE002ED99F /* Countly_OpenUDID.h */; };
		A82C47AF1CD890DE002ED99F /* CountlyAPM.h in Headers */ = {isa = PBXBuildFile; fileRef = A82C47951CD890DE002ED99F /* CountlyAPM.h */; };
		A82C47B11CD890DE002ED99F /* CountlyAPMNetworkLog.h in Headers */ = {isa = PBXBuildFile; fileRef = A82C47971CD890DE002ED99F /* CountlyAPMNetworkLog.h */; };
		A82C47B31CD890DE002ED99F /* CountlyCommon.h in Headers */ = {isa = PBXBuildFile; fileRef = A82C47991CD890DE002ED99F /* CountlyCommon.h */; };
		A82C47B51CD890DE002ED99F /* CountlyConfig.h in Headers */ = {isa = PBXBuildFile; fileRef = A82C479B1CD890DE002ED99F /* CountlyConfig.h */; };
		A82C47B71CD890DE002ED99F /* CountlyConnectionManager.h in Headers */ = {isa = PBXBuildFile; fileRef = A82C479D1CD890DE002ED99F /* CountlyConnectionManager.h */; };
		A82C47B91CD890DE002ED99F /* CountlyCrashReporter.h in Headers */ = {isa = PBXBuildFile; fileRef = A82C479F1CD890DE002ED99F /* CountlyCrashReporter.h */; };
		A82C47BB1CD890DE002ED99F /* CountlyDeviceInfo.h in Headers */ = {isa = PBXBuildFile; fileRef = A82C47A11CD890DE002ED99F /* CountlyDeviceInfo.h */; };
		A82C47BD1CD890DE002ED99F /* CountlyEvent.h in Headers */ = {isa = PBXBuildFile; fileRef = A82C47A31CD890DE002ED99F /* CountlyEvent.h */; };
		A82C47BF1CD890DE002ED99F /* CountlyPersistency.h in Headers */ = {isa = PBXBuildFile; fileRef = A82C47A51CD890DE002ED99F /* CountlyPersistency.h */; };
		A82C47C11CD890DE002ED99F /* CountlyUserDetails.h in Headers */ = {isa = PBXBuildFile; fileRef = A82C47A71CD890DE002ED99F /* CountlyUserDetails.h */; };
		A82C47C31CD890DE002ED99F /* CountlyViewTracking.h in Headers */ = {isa = PBXBuildFile; fileRef = A82C47A91CD890DE002ED99F /* CountlyViewTracking.h */; };
		A82C47C51CD8D4E1002ED99F /* Countly.h in Sources */ = {isa = PBXBuildFile; fileRef = A82C47901CD890DE002ED99F /* Countly.h */; };
		A82C47C61CD8D4E1002ED99F /* Countly.m in Sources */ = {isa = PBXBuildFile; fileRef = A82C47911CD890DE002ED99F /* Countly.m */; };
		A82C47C71CD8D4E1002ED99F /* Countly.podspec in Sources */ = {isa = PBXBuildFile; fileRef = A82C47921CD890DE002ED99F /* Countly.podspec */; };
		A82C47C81CD8D4E1002ED99F /* Countly_OpenUDID.h in Sources */ = {isa = PBXBuildFile; fileRef = A82C47931CD890DE002ED99F /* Countly_OpenUDID.h */; };
		A82C47C91CD8D4E1002ED99F /* Countly_OpenUDID.m in Sources */ = {isa = PBXBuildFile; fileRef = A82C47941CD890DE002ED99F /* Countly_OpenUDID.m */; };
		A82C47CA1CD8D4E1002ED99F /* CountlyAPM.h in Sources */ = {isa = PBXBuildFile; fileRef = A82C47951CD890DE002ED99F /* CountlyAPM.h */; };
		A82C47CB1CD8D4E1002ED99F /* CountlyAPM.m in Sources */ = {isa = PBXBuildFile; fileRef = A82C47961CD890DE002ED99F /* CountlyAPM.m */; };
		A82C47CC1CD8D4E1002ED99F /* CountlyAPMNetworkLog.h in Sources */ = {isa = PBXBuildFile; fileRef = A82C47971CD890DE002ED99F /* CountlyAPMNetworkLog.h */; };
		A82C47CD1CD8D4E1002ED99F /* CountlyAPMNetworkLog.m in Sources */ = {isa = PBXBuildFile; fileRef = A82C47981CD890DE002ED99F /* CountlyAPMNetworkLog.m */; };
		A82C47CE1CD8D4E1002ED99F /* CountlyCommon.h in Sources */ = {isa = PBXBuildFile; fileRef = A82C47991CD890DE002ED99F /* CountlyCommon.h */; };
		A82C47CF1CD8D4E1002ED99F /* CountlyCommon.m in Sources */ = {isa = PBXBuildFile; fileRef = A82C479A1CD890DE002ED99F /* CountlyCommon.m */; };
		A82C47D01CD8D4E1002ED99F /* CountlyConfig.h in Sources */ = {isa = PBXBuildFile; fileRef = A82C479B1CD890DE002ED99F /* CountlyConfig.h */; };
		A82C47D11CD8D4E1002ED99F /* CountlyConfig.m in Sources */ = {isa = PBXBuildFile; fileRef = A82C479C1CD890DE002ED99F /* CountlyConfig.m */; };
		A82C47D21CD8D4E1002ED99F /* CountlyConnectionManager.h in Sources */ = {isa = PBXBuildFile; fileRef = A82C479D1CD890DE002ED99F /* CountlyConnectionManager.h */; };
		A82C47D31CD8D4E1002ED99F /* CountlyConnectionManager.m in Sources */ = {isa = PBXBuildFile; fileRef = A82C479E1CD890DE002ED99F /* CountlyConnectionManager.m */; };
		A82C47D41CD8D4E1002ED99F /* CountlyCrashReporter.h in Sources */ = {isa = PBXBuildFile; fileRef = A82C479F1CD890DE002ED99F /* CountlyCrashReporter.h */; };
		A82C47D51CD8D4E1002ED99F /* CountlyCrashReporter.m in Sources */ = {isa = PBXBuildFile; fileRef = A82C47A01CD890DE002ED99F /* CountlyCrashReporter.m */; };
		A82C47D61CD8D4E1002ED99F /* CountlyDeviceInfo.h in Sources */ = {isa = PBXBuildFile; fileRef = A82C47A11CD890DE002ED99F /* CountlyDeviceInfo.h */; };
		A82C47D71CD8D4E1002ED99F /* CountlyDeviceInfo.m in Sources */ = {isa = PBXBuildFile; fileRef = A82C47A21CD890DE002ED99F /* CountlyDeviceInfo.m */; };
		A82C47D81CD8D4E1002ED99F /* CountlyEvent.h in Sources */ = {isa = PBXBuildFile; fileRef = A82C47A31CD890DE002ED99F /* CountlyEvent.h */; };
		A82C47D91CD8D4E1002ED99F /* CountlyEvent.m in Sources */ = {isa = PBXBuildFile; fileRef = A82C47A41CD890DE002ED99F /* CountlyEvent.m */; };
		A82C47DA1CD8D4E1002ED99F /* CountlyPersistency.h in Sources */ = {isa = PBXBuildFile; fileRef = A82C47A51CD890DE002ED99F /* CountlyPersistency.h */; };
		A82C47DB1CD8D4E1002ED99F /* CountlyPersistency.m in Sources */ = {isa = PBXBuildFile; fileRef = A82C47A61CD890DE002ED99F /* CountlyPersistency.m */; };
		A82C47DC1CD8D4E1002ED99F /* CountlyUserDetails.h in Sources */ = {isa = PBXBuildFile; fileRef = A82C47A71CD890DE002ED99F /* CountlyUserDetails.h */; };
		A82C47DD1CD8D4E1002ED99F /* CountlyUserDetails.m in Sources */ = {isa = PBXBuildFile; fileRef = A82C47A81CD890DE002ED99F /* CountlyUserDetails.m */; };
		A82C47DE1CD8D4E1002ED99F /* CountlyViewTracking.h in Sources */ = {isa = PBXBuildFile; fileRef = A82C47A91CD890DE002ED99F /* CountlyViewTracking.h */; };
		A82C47DF1CD8D4E1002ED99F /* CountlyViewTracking.m in Sources */ = {isa = PBXBuildFile; fileRef = A82C47AA1CD890DE002ED99F /* CountlyViewTracking.m */; };
		A82C47E01CD8D4E7002ED99F /* CountLyMessagingModuleAssets.h in Sources */ = {isa = PBXBuildFile; fileRef = 24DE9E0F11C5FE74003F90F6 /* CountLyMessagingModuleAssets.h */; };
		A82C47E11CD8D4E7002ED99F /* CountLyMessagingModuleAssets.m in Sources */ = {isa = PBXBuildFile; fileRef = 24DE9E1011C5FE74003F90F6 /* CountLyMessagingModuleAssets.m */; };
		A82C47E21CD8D4E7002ED99F /* CountLyMessagingModule.h in Sources */ = {isa = PBXBuildFile; fileRef = 24DD6CF71134B3F500162E58 /* CountLyMessagingModule.h */; };
		A82C47E31CD8D4E7002ED99F /* CountLyMessagingModule.m in Sources */ = {isa = PBXBuildFile; fileRef = 24DD6CF81134B3F500162E58 /* CountLyMessagingModule.m */; };
		A82C47E51CD8D603002ED99F /* WatchConnectivity.framework in Frameworks */ = {isa = PBXBuildFile; fileRef = A82C47E41CD8D603002ED99F /* WatchConnectivity.framework */; };
		A82C47E71CD8D60A002ED99F /* AdSupport.framework in Frameworks */ = {isa = PBXBuildFile; fileRef = A82C47E61CD8D60A002ED99F /* AdSupport.framework */; };
		A82C47E91CD8D622002ED99F /* CoreGraphics.framework in Frameworks */ = {isa = PBXBuildFile; fileRef = A82C47E81CD8D622002ED99F /* CoreGraphics.framework */; };
		A8D0E4721AC9404A004C11E3 /* CoreData.framework in Frameworks */ = {isa = PBXBuildFile; fileRef = A8D0E4711AC9404A004C11E3 /* CoreData.framework */; };
		A8D0E4741AC94051004C11E3 /* CoreTelephony.framework in Frameworks */ = {isa = PBXBuildFile; fileRef = A8D0E4731AC94051004C11E3 /* CoreTelephony.framework */; };
		A8D0E4761AC94057004C11E3 /* UIKit.framework in Frameworks */ = {isa = PBXBuildFile; fileRef = A8D0E4751AC94057004C11E3 /* UIKit.framework */; };
		AA747D9F0F9514B9006C5449 /* CountLyMessaging_Prefix.pch in Headers */ = {isa = PBXBuildFile; fileRef = AA747D9E0F9514B9006C5449 /* CountLyMessaging_Prefix.pch */; };
		AACBBE4A0F95108600F1A2B1 /* Foundation.framework in Frameworks */ = {isa = PBXBuildFile; fileRef = AACBBE490F95108600F1A2B1 /* Foundation.framework */; };
/* End PBXBuildFile section */

/* Begin PBXContainerItemProxy section */
		24416B8411C4CA280047AFDD /* PBXContainerItemProxy */ = {
			isa = PBXContainerItemProxy;
			containerPortal = 0867D690FE84028FC02AAC07 /* Project object */;
			proxyType = 1;
			remoteGlobalIDString = D2AAC07D0554694100DB518D;
			remoteInfo = "Titanium-Countly-Messaging";
		};
/* End PBXContainerItemProxy section */

/* Begin PBXFileReference section */
		24DD6CF71134B3F500162E58 /* CountLyMessagingModule.h */ = {isa = PBXFileReference; fileEncoding = 4; lastKnownFileType = sourcecode.c.h; name = CountLyMessagingModule.h; path = Classes/CountLyMessagingModule.h; sourceTree = "<group>"; };
		24DD6CF81134B3F500162E58 /* CountLyMessagingModule.m */ = {isa = PBXFileReference; fileEncoding = 4; lastKnownFileType = sourcecode.c.objc; name = CountLyMessagingModule.m; path = Classes/CountLyMessagingModule.m; sourceTree = "<group>"; };
		24DD6D1B1134B66800162E58 /* titanium.xcconfig */ = {isa = PBXFileReference; fileEncoding = 4; lastKnownFileType = text.xcconfig; path = titanium.xcconfig; sourceTree = "<group>"; };
		24DE9E0F11C5FE74003F90F6 /* CountLyMessagingModuleAssets.h */ = {isa = PBXFileReference; fileEncoding = 4; lastKnownFileType = sourcecode.c.h; name = CountLyMessagingModuleAssets.h; path = Classes/CountLyMessagingModuleAssets.h; sourceTree = "<group>"; };
		24DE9E1011C5FE74003F90F6 /* CountLyMessagingModuleAssets.m */ = {isa = PBXFileReference; fileEncoding = 4; lastKnownFileType = sourcecode.c.objc; name = CountLyMessagingModuleAssets.m; path = Classes/CountLyMessagingModuleAssets.m; sourceTree = "<group>"; };
		A82C47901CD890DE002ED99F /* Countly.h */ = {isa = PBXFileReference; fileEncoding = 4; lastKnownFileType = sourcecode.c.h; path = Countly.h; sourceTree = "<group>"; };
		A82C47911CD890DE002ED99F /* Countly.m */ = {isa = PBXFileReference; fileEncoding = 4; lastKnownFileType = sourcecode.c.objc; path = Countly.m; sourceTree = "<group>"; };
		A82C47921CD890DE002ED99F /* Countly.podspec */ = {isa = PBXFileReference; fileEncoding = 4; lastKnownFileType = text; path = Countly.podspec; sourceTree = "<group>"; };
		A82C47931CD890DE002ED99F /* Countly_OpenUDID.h */ = {isa = PBXFileReference; fileEncoding = 4; lastKnownFileType = sourcecode.c.h; path = Countly_OpenUDID.h; sourceTree = "<group>"; };
		A82C47941CD890DE002ED99F /* Countly_OpenUDID.m */ = {isa = PBXFileReference; fileEncoding = 4; lastKnownFileType = sourcecode.c.objc; path = Countly_OpenUDID.m; sourceTree = "<group>"; };
		A82C47951CD890DE002ED99F /* CountlyAPM.h */ = {isa = PBXFileReference; fileEncoding = 4; lastKnownFileType = sourcecode.c.h; path = CountlyAPM.h; sourceTree = "<group>"; };
		A82C47961CD890DE002ED99F /* CountlyAPM.m */ = {isa = PBXFileReference; fileEncoding = 4; lastKnownFileType = sourcecode.c.objc; path = CountlyAPM.m; sourceTree = "<group>"; };
		A82C47971CD890DE002ED99F /* CountlyAPMNetworkLog.h */ = {isa = PBXFileReference; fileEncoding = 4; lastKnownFileType = sourcecode.c.h; path = CountlyAPMNetworkLog.h; sourceTree = "<group>"; };
		A82C47981CD890DE002ED99F /* CountlyAPMNetworkLog.m */ = {isa = PBXFileReference; fileEncoding = 4; lastKnownFileType = sourcecode.c.objc; path = CountlyAPMNetworkLog.m; sourceTree = "<group>"; };
		A82C47991CD890DE002ED99F /* CountlyCommon.h */ = {isa = PBXFileReference; fileEncoding = 4; lastKnownFileType = sourcecode.c.h; path = CountlyCommon.h; sourceTree = "<group>"; };
		A82C479A1CD890DE002ED99F /* CountlyCommon.m */ = {isa = PBXFileReference; fileEncoding = 4; lastKnownFileType = sourcecode.c.objc; path = CountlyCommon.m; sourceTree = "<group>"; };
		A82C479B1CD890DE002ED99F /* CountlyConfig.h */ = {isa = PBXFileReference; fileEncoding = 4; lastKnownFileType = sourcecode.c.h; path = CountlyConfig.h; sourceTree = "<group>"; };
		A82C479C1CD890DE002ED99F /* CountlyConfig.m */ = {isa = PBXFileReference; fileEncoding = 4; lastKnownFileType = sourcecode.c.objc; path = CountlyConfig.m; sourceTree = "<group>"; };
		A82C479D1CD890DE002ED99F /* CountlyConnectionManager.h */ = {isa = PBXFileReference; fileEncoding = 4; lastKnownFileType = sourcecode.c.h; path = CountlyConnectionManager.h; sourceTree = "<group>"; };
		A82C479E1CD890DE002ED99F /* CountlyConnectionManager.m */ = {isa = PBXFileReference; fileEncoding = 4; lastKnownFileType = sourcecode.c.objc; path = CountlyConnectionManager.m; sourceTree = "<group>"; };
		A82C479F1CD890DE002ED99F /* CountlyCrashReporter.h */ = {isa = PBXFileReference; fileEncoding = 4; lastKnownFileType = sourcecode.c.h; path = CountlyCrashReporter.h; sourceTree = "<group>"; };
		A82C47A01CD890DE002ED99F /* CountlyCrashReporter.m */ = {isa = PBXFileReference; fileEncoding = 4; lastKnownFileType = sourcecode.c.objc; path = CountlyCrashReporter.m; sourceTree = "<group>"; };
		A82C47A11CD890DE002ED99F /* CountlyDeviceInfo.h */ = {isa = PBXFileReference; fileEncoding = 4; lastKnownFileType = sourcecode.c.h; path = CountlyDeviceInfo.h; sourceTree = "<group>"; };
		A82C47A21CD890DE002ED99F /* CountlyDeviceInfo.m */ = {isa = PBXFileReference; fileEncoding = 4; lastKnownFileType = sourcecode.c.objc; path = CountlyDeviceInfo.m; sourceTree = "<group>"; };
		A82C47A31CD890DE002ED99F /* CountlyEvent.h */ = {isa = PBXFileReference; fileEncoding = 4; lastKnownFileType = sourcecode.c.h; path = CountlyEvent.h; sourceTree = "<group>"; };
		A82C47A41CD890DE002ED99F /* CountlyEvent.m */ = {isa = PBXFileReference; fileEncoding = 4; lastKnownFileType = sourcecode.c.objc; path = CountlyEvent.m; sourceTree = "<group>"; };
		A82C47A51CD890DE002ED99F /* CountlyPersistency.h */ = {isa = PBXFileReference; fileEncoding = 4; lastKnownFileType = sourcecode.c.h; path = CountlyPersistency.h; sourceTree = "<group>"; };
		A82C47A61CD890DE002ED99F /* CountlyPersistency.m */ = {isa = PBXFileReference; fileEncoding = 4; lastKnownFileType = sourcecode.c.objc; path = CountlyPersistency.m; sourceTree = "<group>"; };
		A82C47A71CD890DE002ED99F /* CountlyUserDetails.h */ = {isa = PBXFileReference; fileEncoding = 4; lastKnownFileType = sourcecode.c.h; path = CountlyUserDetails.h; sourceTree = "<group>"; };
		A82C47A81CD890DE002ED99F /* CountlyUserDetails.m */ = {isa = PBXFileReference; fileEncoding = 4; lastKnownFileType = sourcecode.c.objc; path = CountlyUserDetails.m; sourceTree = "<group>"; };
		A82C47A91CD890DE002ED99F /* CountlyViewTracking.h */ = {isa = PBXFileReference; fileEncoding = 4; lastKnownFileType = sourcecode.c.h; path = CountlyViewTracking.h; sourceTree = "<group>"; };
		A82C47AA1CD890DE002ED99F /* CountlyViewTracking.m */ = {isa = PBXFileReference; fileEncoding = 4; lastKnownFileType = sourcecode.c.objc; path = CountlyViewTracking.m; sourceTree = "<group>"; };
		A82C47E41CD8D603002ED99F /* WatchConnectivity.framework */ = {isa = PBXFileReference; lastKnownFileType = wrapper.framework; name = WatchConnectivity.framework; path = System/Library/Frameworks/WatchConnectivity.framework; sourceTree = SDKROOT; };
		A82C47E61CD8D60A002ED99F /* AdSupport.framework */ = {isa = PBXFileReference; lastKnownFileType = wrapper.framework; name = AdSupport.framework; path = System/Library/Frameworks/AdSupport.framework; sourceTree = SDKROOT; };
		A82C47E81CD8D622002ED99F /* CoreGraphics.framework */ = {isa = PBXFileReference; lastKnownFileType = wrapper.framework; name = CoreGraphics.framework; path = System/Library/Frameworks/CoreGraphics.framework; sourceTree = SDKROOT; };
		A83421EE1ACAC73200CCFB8A /* module.xcconfig */ = {isa = PBXFileReference; lastKnownFileType = text.xcconfig; path = module.xcconfig; sourceTree = "<group>"; };
		A8D0E4711AC9404A004C11E3 /* CoreData.framework */ = {isa = PBXFileReference; lastKnownFileType = wrapper.framework; name = CoreData.framework; path = System/Library/Frameworks/CoreData.framework; sourceTree = SDKROOT; };
		A8D0E4731AC94051004C11E3 /* CoreTelephony.framework */ = {isa = PBXFileReference; lastKnownFileType = wrapper.framework; name = CoreTelephony.framework; path = System/Library/Frameworks/CoreTelephony.framework; sourceTree = SDKROOT; };
		A8D0E4751AC94057004C11E3 /* UIKit.framework */ = {isa = PBXFileReference; lastKnownFileType = wrapper.framework; name = UIKit.framework; path = System/Library/Frameworks/UIKit.framework; sourceTree = SDKROOT; };
		AA747D9E0F9514B9006C5449 /* CountLyMessaging_Prefix.pch */ = {isa = PBXFileReference; fileEncoding = 4; lastKnownFileType = sourcecode.c.h; path = CountLyMessaging_Prefix.pch; sourceTree = SOURCE_ROOT; };
		AACBBE490F95108600F1A2B1 /* Foundation.framework */ = {isa = PBXFileReference; lastKnownFileType = wrapper.framework; name = Foundation.framework; path = System/Library/Frameworks/Foundation.framework; sourceTree = SDKROOT; };
		D2AAC07E0554694100DB518D /* libCountLyMessaging.a */ = {isa = PBXFileReference; explicitFileType = archive.ar; includeInIndex = 0; path = libCountLyMessaging.a; sourceTree = BUILT_PRODUCTS_DIR; };
/* End PBXFileReference section */

/* Begin PBXFrameworksBuildPhase section */
		D2AAC07C0554694100DB518D /* Frameworks */ = {
			isa = PBXFrameworksBuildPhase;
			buildActionMask = 2147483647;
			files = (
				A82C47E91CD8D622002ED99F /* CoreGraphics.framework in Frameworks */,
				A82C47E71CD8D60A002ED99F /* AdSupport.framework in Frameworks */,
				A82C47E51CD8D603002ED99F /* WatchConnectivity.framework in Frameworks */,
				A8D0E4761AC94057004C11E3 /* UIKit.framework in Frameworks */,
				A8D0E4741AC94051004C11E3 /* CoreTelephony.framework in Frameworks */,
				A8D0E4721AC9404A004C11E3 /* CoreData.framework in Frameworks */,
				AACBBE4A0F95108600F1A2B1 /* Foundation.framework in Frameworks */,
			);
			runOnlyForDeploymentPostprocessing = 0;
		};
/* End PBXFrameworksBuildPhase section */

/* Begin PBXGroup section */
		034768DFFF38A50411DB9C8B /* Products */ = {
			isa = PBXGroup;
			children = (
				D2AAC07E0554694100DB518D /* libCountLyMessaging.a */,
			);
			name = Products;
			sourceTree = "<group>";
		};
		0867D691FE84028FC02AAC07 /* Titanium-Countly-Messaging */ = {
			isa = PBXGroup;
			children = (
				A82C478F1CD890DE002ED99F /* sdk */,
				08FB77AEFE84172EC02AAC07 /* Classes */,
				32C88DFF0371C24200C91783 /* Other Sources */,
				0867D69AFE84028FC02AAC07 /* Frameworks */,
				034768DFFF38A50411DB9C8B /* Products */,
			);
			name = "Titanium-Countly-Messaging";
			sourceTree = "<group>";
		};
		0867D69AFE84028FC02AAC07 /* Frameworks */ = {
			isa = PBXGroup;
			children = (
				A82C47E81CD8D622002ED99F /* CoreGraphics.framework */,
				A82C47E61CD8D60A002ED99F /* AdSupport.framework */,
				A82C47E41CD8D603002ED99F /* WatchConnectivity.framework */,
				A8D0E4751AC94057004C11E3 /* UIKit.framework */,
				A8D0E4731AC94051004C11E3 /* CoreTelephony.framework */,
				A8D0E4711AC9404A004C11E3 /* CoreData.framework */,
				AACBBE490F95108600F1A2B1 /* Foundation.framework */,
			);
			name = Frameworks;
			sourceTree = "<group>";
		};
		08FB77AEFE84172EC02AAC07 /* Classes */ = {
			isa = PBXGroup;
			children = (
				24DE9E0F11C5FE74003F90F6 /* CountLyMessagingModuleAssets.h */,
				24DE9E1011C5FE74003F90F6 /* CountLyMessagingModuleAssets.m */,
				24DD6CF71134B3F500162E58 /* CountLyMessagingModule.h */,
				24DD6CF81134B3F500162E58 /* CountLyMessagingModule.m */,
			);
			name = Classes;
			sourceTree = "<group>";
		};
		32C88DFF0371C24200C91783 /* Other Sources */ = {
			isa = PBXGroup;
			children = (
				A83421EE1ACAC73200CCFB8A /* module.xcconfig */,
				AA747D9E0F9514B9006C5449 /* CountLyMessaging_Prefix.pch */,
				24DD6D1B1134B66800162E58 /* titanium.xcconfig */,
			);
			name = "Other Sources";
			sourceTree = "<group>";
		};
		A82C478F1CD890DE002ED99F /* sdk */ = {
			isa = PBXGroup;
			children = (
				A82C47901CD890DE002ED99F /* Countly.h */,
				A82C47911CD890DE002ED99F /* Countly.m */,
				A82C47921CD890DE002ED99F /* Countly.podspec */,
				A82C47931CD890DE002ED99F /* Countly_OpenUDID.h */,
				A82C47941CD890DE002ED99F /* Countly_OpenUDID.m */,
				A82C47951CD890DE002ED99F /* CountlyAPM.h */,
				A82C47961CD890DE002ED99F /* CountlyAPM.m */,
				A82C47971CD890DE002ED99F /* CountlyAPMNetworkLog.h */,
				A82C47981CD890DE002ED99F /* CountlyAPMNetworkLog.m */,
				A82C47991CD890DE002ED99F /* CountlyCommon.h */,
				A82C479A1CD890DE002ED99F /* CountlyCommon.m */,
				A82C479B1CD890DE002ED99F /* CountlyConfig.h */,
				A82C479C1CD890DE002ED99F /* CountlyConfig.m */,
				A82C479D1CD890DE002ED99F /* CountlyConnectionManager.h */,
				A82C479E1CD890DE002ED99F /* CountlyConnectionManager.m */,
				A82C479F1CD890DE002ED99F /* CountlyCrashReporter.h */,
				A82C47A01CD890DE002ED99F /* CountlyCrashReporter.m */,
				A82C47A11CD890DE002ED99F /* CountlyDeviceInfo.h */,
				A82C47A21CD890DE002ED99F /* CountlyDeviceInfo.m */,
				A82C47A31CD890DE002ED99F /* CountlyEvent.h */,
				A82C47A41CD890DE002ED99F /* CountlyEvent.m */,
				A82C47A51CD890DE002ED99F /* CountlyPersistency.h */,
				A82C47A61CD890DE002ED99F /* CountlyPersistency.m */,
				A82C47A71CD890DE002ED99F /* CountlyUserDetails.h */,
				A82C47A81CD890DE002ED99F /* CountlyUserDetails.m */,
				A82C47A91CD890DE002ED99F /* CountlyViewTracking.h */,
				A82C47AA1CD890DE002ED99F /* CountlyViewTracking.m */,
			);
			path = sdk;
			sourceTree = "<group>";
		};
/* End PBXGroup section */

/* Begin PBXHeadersBuildPhase section */
		D2AAC07A0554694100DB518D /* Headers */ = {
			isa = PBXHeadersBuildPhase;
			buildActionMask = 2147483647;
			files = (
				AA747D9F0F9514B9006C5449 /* CountLyMessaging_Prefix.pch in Headers */,
				A82C47AB1CD890DE002ED99F /* Countly.h in Headers */,
				A82C47AF1CD890DE002ED99F /* CountlyAPM.h in Headers */,
				A82C47BB1CD890DE002ED99F /* CountlyDeviceInfo.h in Headers */,
				A82C47B71CD890DE002ED99F /* CountlyConnectionManager.h in Headers */,
				A82C47BF1CD890DE002ED99F /* CountlyPersistency.h in Headers */,
				A82C47B51CD890DE002ED99F /* CountlyConfig.h in Headers */,
				A82C47C31CD890DE002ED99F /* CountlyViewTracking.h in Headers */,
				A82C47AD1CD890DE002ED99F /* Countly_OpenUDID.h in Headers */,
				A82C47B31CD890DE002ED99F /* CountlyCommon.h in Headers */,
				A82C47C11CD890DE002ED99F /* CountlyUserDetails.h in Headers */,
				A82C47B91CD890DE002ED99F /* CountlyCrashReporter.h in Headers */,
				A82C47B11CD890DE002ED99F /* CountlyAPMNetworkLog.h in Headers */,
				A82C47BD1CD890DE002ED99F /* CountlyEvent.h in Headers */,
				24DD6CF91134B3F500162E58 /* CountLyMessagingModule.h in Headers */,
				24DE9E1111C5FE74003F90F6 /* CountLyMessagingModuleAssets.h in Headers */,
			);
			runOnlyForDeploymentPostprocessing = 0;
		};
/* End PBXHeadersBuildPhase section */

/* Begin PBXNativeTarget section */
		D2AAC07D0554694100DB518D /* Titanium-Countly-Messaging */ = {
			isa = PBXNativeTarget;
			buildConfigurationList = 1DEB921E08733DC00010E9CD /* Build configuration list for PBXNativeTarget "Titanium-Countly-Messaging" */;
			buildPhases = (
				D2AAC07A0554694100DB518D /* Headers */,
				D2AAC07B0554694100DB518D /* Sources */,
				D2AAC07C0554694100DB518D /* Frameworks */,
			);
			buildRules = (
			);
			dependencies = (
			);
			name = "Titanium-Countly-Messaging";
			productName = "Titanium-Countly-Messaging";
			productReference = D2AAC07E0554694100DB518D /* libCountLyMessaging.a */;
			productType = "com.apple.product-type.library.static";
		};
/* End PBXNativeTarget section */

/* Begin PBXProject section */
		0867D690FE84028FC02AAC07 /* Project object */ = {
			isa = PBXProject;
			attributes = {
				LastUpgradeCheck = 0600;
			};
			buildConfigurationList = 1DEB922208733DC00010E9CD /* Build configuration list for PBXProject "Titanium-Countly-Messaging" */;
			compatibilityVersion = "Xcode 3.2";
			developmentRegion = English;
			hasScannedForEncodings = 1;
			knownRegions = (
				English,
				Japanese,
				French,
				German,
			);
			mainGroup = 0867D691FE84028FC02AAC07 /* Titanium-Countly-Messaging */;
			productRefGroup = 034768DFFF38A50411DB9C8B /* Products */;
			projectDirPath = "";
			projectRoot = "";
			targets = (
				D2AAC07D0554694100DB518D /* Titanium-Countly-Messaging */,
				24416B8111C4CA220047AFDD /* Build & Test */,
			);
		};
/* End PBXProject section */

/* Begin PBXShellScriptBuildPhase section */
		24416B8011C4CA220047AFDD /* ShellScript */ = {
			isa = PBXShellScriptBuildPhase;
			buildActionMask = 2147483647;
			files = (
			);
			inputPaths = (
			);
			outputPaths = (
			);
			runOnlyForDeploymentPostprocessing = 0;
			shellPath = /bin/sh;
			shellScript = "# shell script goes here\n\npython \"${TITANIUM_SDK}/titanium.py\" run --dir=\"${PROJECT_DIR}\"\nexit $?\n";
		};
/* End PBXShellScriptBuildPhase section */

/* Begin PBXSourcesBuildPhase section */
		D2AAC07B0554694100DB518D /* Sources */ = {
			isa = PBXSourcesBuildPhase;
			buildActionMask = 2147483647;
			files = (
				A82C47E01CD8D4E7002ED99F /* CountLyMessagingModuleAssets.h in Sources */,
				A82C47E11CD8D4E7002ED99F /* CountLyMessagingModuleAssets.m in Sources */,
				A82C47E21CD8D4E7002ED99F /* CountLyMessagingModule.h in Sources */,
				A82C47E31CD8D4E7002ED99F /* CountLyMessagingModule.m in Sources */,
				A82C47C51CD8D4E1002ED99F /* Countly.h in Sources */,
				A82C47C61CD8D4E1002ED99F /* Countly.m in Sources */,
				A82C47C71CD8D4E1002ED99F /* Countly.podspec in Sources */,
				A82C47C81CD8D4E1002ED99F /* Countly_OpenUDID.h in Sources */,
				A82C47C91CD8D4E1002ED99F /* Countly_OpenUDID.m in Sources */,
				A82C47CA1CD8D4E1002ED99F /* CountlyAPM.h in Sources */,
				A82C47CB1CD8D4E1002ED99F /* CountlyAPM.m in Sources */,
				A82C47CC1CD8D4E1002ED99F /* CountlyAPMNetworkLog.h in Sources */,
				A82C47CD1CD8D4E1002ED99F /* CountlyAPMNetworkLog.m in Sources */,
				A82C47CE1CD8D4E1002ED99F /* CountlyCommon.h in Sources */,
				A82C47CF1CD8D4E1002ED99F /* CountlyCommon.m in Sources */,
				A82C47D01CD8D4E1002ED99F /* CountlyConfig.h in Sources */,
				A82C47D11CD8D4E1002ED99F /* CountlyConfig.m in Sources */,
				A82C47D21CD8D4E1002ED99F /* CountlyConnectionManager.h in Sources */,
				A82C47D31CD8D4E1002ED99F /* CountlyConnectionManager.m in Sources */,
				A82C47D41CD8D4E1002ED99F /* CountlyCrashReporter.h in Sources */,
				A82C47D51CD8D4E1002ED99F /* CountlyCrashReporter.m in Sources */,
				A82C47D61CD8D4E1002ED99F /* CountlyDeviceInfo.h in Sources */,
				A82C47D71CD8D4E1002ED99F /* CountlyDeviceInfo.m in Sources */,
				A82C47D81CD8D4E1002ED99F /* CountlyEvent.h in Sources */,
				A82C47D91CD8D4E1002ED99F /* CountlyEvent.m in Sources */,
				A82C47DA1CD8D4E1002ED99F /* CountlyPersistency.h in Sources */,
				A82C47DB1CD8D4E1002ED99F /* CountlyPersistency.m in Sources */,
				A82C47DC1CD8D4E1002ED99F /* CountlyUserDetails.h in Sources */,
				A82C47DD1CD8D4E1002ED99F /* CountlyUserDetails.m in Sources */,
				A82C47DE1CD8D4E1002ED99F /* CountlyViewTracking.h in Sources */,
				A82C47DF1CD8D4E1002ED99F /* CountlyViewTracking.m in Sources */,
			);
			runOnlyForDeploymentPostprocessing = 0;
		};
/* End PBXSourcesBuildPhase section */

/* Begin PBXTargetDependency section */
		24416B8511C4CA280047AFDD /* PBXTargetDependency */ = {
			isa = PBXTargetDependency;
			target = D2AAC07D0554694100DB518D /* Titanium-Countly-Messaging */;
			targetProxy = 24416B8411C4CA280047AFDD /* PBXContainerItemProxy */;
		};
/* End PBXTargetDependency section */

/* Begin XCBuildConfiguration section */
		1DEB921F08733DC00010E9CD /* Debug */ = {
			isa = XCBuildConfiguration;
			baseConfigurationReference = 24DD6D1B1134B66800162E58 /* titanium.xcconfig */;
			buildSettings = {
				CODE_SIGN_IDENTITY = "iPhone Developer";
				"CODE_SIGN_IDENTITY[sdk=iphoneos*]" = "iPhone Developer";
				DSTROOT = /tmp/CountLyMessaging.dst;
				GCC_C_LANGUAGE_STANDARD = c99;
				GCC_OPTIMIZATION_LEVEL = 0;
				GCC_PRECOMPILE_PREFIX_HEADER = YES;
				GCC_PREFIX_HEADER = CountLyMessaging_Prefix.pch;
				GCC_PREPROCESSOR_DEFINITIONS = "TI_VERSION=$(TI_VERSION)";
				GCC_TREAT_WARNINGS_AS_ERRORS = NO;
				GCC_VERSION = "";
				GCC_WARN_ABOUT_RETURN_TYPE = NO;
				GCC_WARN_MISSING_PARENTHESES = NO;
				GCC_WARN_SHADOW = NO;
				GCC_WARN_STRICT_SELECTOR_MATCH = NO;
				GCC_WARN_UNUSED_FUNCTION = YES;
				GCC_WARN_UNUSED_PARAMETER = NO;
				GCC_WARN_UNUSED_VALUE = NO;
				GCC_WARN_UNUSED_VARIABLE = NO;
				INSTALL_PATH = /usr/local/lib;
				IPHONEOS_DEPLOYMENT_TARGET = 6.0;
				LIBRARY_SEARCH_PATHS = "";
				OTHER_CFLAGS = (
					"-DDEBUG",
					"-DTI_POST_1_2",
				);
				OTHER_LDFLAGS = "-ObjC";
				PRODUCT_NAME = CountLyMessaging;
				PROVISIONING_PROFILE = "";
				"PROVISIONING_PROFILE[sdk=iphoneos*]" = "";
				RUN_CLANG_STATIC_ANALYZER = NO;
				SDKROOT = iphoneos;
				USER_HEADER_SEARCH_PATHS = "";
			};
			name = Debug;
		};
		1DEB922008733DC00010E9CD /* Release */ = {
			isa = XCBuildConfiguration;
			baseConfigurationReference = 24DD6D1B1134B66800162E58 /* titanium.xcconfig */;
			buildSettings = {
				ALWAYS_SEARCH_USER_PATHS = NO;
				DSTROOT = /tmp/CountLyMessaging.dst;
				GCC_C_LANGUAGE_STANDARD = c99;
				GCC_MODEL_TUNING = G5;
				GCC_PRECOMPILE_PREFIX_HEADER = YES;
				GCC_PREFIX_HEADER = CountLyMessaging_Prefix.pch;
				GCC_PREPROCESSOR_DEFINITIONS = "TI_VERSION=$(TI_VERSION)";
				GCC_TREAT_WARNINGS_AS_ERRORS = NO;
				GCC_VERSION = "";
				GCC_WARN_ABOUT_RETURN_TYPE = NO;
				GCC_WARN_MISSING_PARENTHESES = NO;
				GCC_WARN_SHADOW = NO;
				GCC_WARN_STRICT_SELECTOR_MATCH = NO;
				GCC_WARN_UNUSED_FUNCTION = YES;
				GCC_WARN_UNUSED_PARAMETER = NO;
				GCC_WARN_UNUSED_VALUE = NO;
				GCC_WARN_UNUSED_VARIABLE = NO;
				INSTALL_PATH = /usr/local/lib;
				IPHONEOS_DEPLOYMENT_TARGET = 6.0;
				LIBRARY_SEARCH_PATHS = "";
				OTHER_CFLAGS = "-DTI_POST_1_2";
				OTHER_LDFLAGS = "-ObjC";
				PRODUCT_NAME = CountLyMessaging;
				RUN_CLANG_STATIC_ANALYZER = NO;
				SDKROOT = iphoneos;
				USER_HEADER_SEARCH_PATHS = "";
			};
			name = Release;
		};
		1DEB922308733DC00010E9CD /* Debug */ = {
			isa = XCBuildConfiguration;
			baseConfigurationReference = 24DD6D1B1134B66800162E58 /* titanium.xcconfig */;
			buildSettings = {
				CLANG_CXX_LIBRARY = "libstdc++";
				CODE_SIGN_IDENTITY = "iPhone Developer";
				"CODE_SIGN_IDENTITY[sdk=iphoneos*]" = "iPhone Developer";
				DSTROOT = /tmp/CountLyMessaging.dst;
				GCC_C_LANGUAGE_STANDARD = c99;
				GCC_OPTIMIZATION_LEVEL = 0;
				GCC_PRECOMPILE_PREFIX_HEADER = YES;
				GCC_PREFIX_HEADER = CountLyMessaging_Prefix.pch;
				GCC_PREPROCESSOR_DEFINITIONS = "TI_VERSION=$(TI_VERSION)";
				GCC_TREAT_WARNINGS_AS_ERRORS = NO;
				GCC_VERSION = "";
				GCC_WARN_ABOUT_RETURN_TYPE = NO;
				GCC_WARN_MISSING_PARENTHESES = NO;
				GCC_WARN_SHADOW = NO;
				GCC_WARN_STRICT_SELECTOR_MATCH = NO;
				GCC_WARN_UNUSED_FUNCTION = YES;
				GCC_WARN_UNUSED_PARAMETER = NO;
				GCC_WARN_UNUSED_VALUE = NO;
				GCC_WARN_UNUSED_VARIABLE = NO;
				INSTALL_PATH = /usr/local/lib;
				IPHONEOS_DEPLOYMENT_TARGET = 9.3;
				ONLY_ACTIVE_ARCH = YES;
				OTHER_CFLAGS = (
					"-DDEBUG",
					"-DTI_POST_1_2",
				);
				OTHER_LDFLAGS = "-ObjC";
				PRODUCT_NAME = CountLyMessaging;
				PROVISIONING_PROFILE = "";
				"PROVISIONING_PROFILE[sdk=iphoneos*]" = "";
				RUN_CLANG_STATIC_ANALYZER = NO;
				SDKROOT = iphoneos;
				USER_HEADER_SEARCH_PATHS = "";
			};
			name = Debug;
		};
		1DEB922408733DC00010E9CD /* Release */ = {
			isa = XCBuildConfiguration;
			baseConfigurationReference = 24DD6D1B1134B66800162E58 /* titanium.xcconfig */;
			buildSettings = {
				ALWAYS_SEARCH_USER_PATHS = NO;
				CLANG_CXX_LIBRARY = "libstdc++";
				DSTROOT = /tmp/CountLyMessaging.dst;
				GCC_C_LANGUAGE_STANDARD = c99;
				GCC_MODEL_TUNING = G5;
				GCC_PRECOMPILE_PREFIX_HEADER = YES;
				GCC_PREFIX_HEADER = CountLyMessaging_Prefix.pch;
				GCC_PREPROCESSOR_DEFINITIONS = "TI_VERSION=$(TI_VERSION)";
				GCC_TREAT_WARNINGS_AS_ERRORS = NO;
				GCC_VERSION = "";
				GCC_WARN_ABOUT_RETURN_TYPE = NO;
				GCC_WARN_MISSING_PARENTHESES = NO;
				GCC_WARN_SHADOW = NO;
				GCC_WARN_STRICT_SELECTOR_MATCH = NO;
				GCC_WARN_UNUSED_FUNCTION = YES;
				GCC_WARN_UNUSED_PARAMETER = NO;
				GCC_WARN_UNUSED_VALUE = NO;
				GCC_WARN_UNUSED_VARIABLE = NO;
				INSTALL_PATH = /usr/local/lib;
				IPHONEOS_DEPLOYMENT_TARGET = 9.3;
				OTHER_CFLAGS = "-DTI_POST_1_2";
				OTHER_LDFLAGS = "-ObjC";
				PRODUCT_NAME = CountLyMessaging;
				RUN_CLANG_STATIC_ANALYZER = NO;
				SDKROOT = iphoneos;
				USER_HEADER_SEARCH_PATHS = "";
			};
			name = Release;
		};
		24416B8211C4CA220047AFDD /* Debug */ = {
			isa = XCBuildConfiguration;
			baseConfigurationReference = 24DD6D1B1134B66800162E58 /* titanium.xcconfig */;
			buildSettings = {
				COPY_PHASE_STRIP = NO;
				GCC_DYNAMIC_NO_PIC = NO;
				GCC_OPTIMIZATION_LEVEL = 0;
				PRODUCT_NAME = "Build & test";
			};
			name = Debug;
		};
		24416B8311C4CA220047AFDD /* Release */ = {
			isa = XCBuildConfiguration;
			baseConfigurationReference = 24DD6D1B1134B66800162E58 /* titanium.xcconfig */;
			buildSettings = {
				COPY_PHASE_STRIP = YES;
				DEBUG_INFORMATION_FORMAT = "dwarf-with-dsym";
				GCC_ENABLE_FIX_AND_CONTINUE = NO;
				PRODUCT_NAME = "Build & test";
				ZERO_LINK = NO;
			};
			name = Release;
		};
/* End XCBuildConfiguration section */

/* Begin XCConfigurationList section */
		1DEB921E08733DC00010E9CD /* Build configuration list for PBXNativeTarget "Titanium-Countly-Messaging" */ = {
			isa = XCConfigurationList;
			buildConfigurations = (
				1DEB921F08733DC00010E9CD /* Debug */,
				1DEB922008733DC00010E9CD /* Release */,
			);
			defaultConfigurationIsVisible = 0;
			defaultConfigurationName = Release;
		};
		1DEB922208733DC00010E9CD /* Build configuration list for PBXProject "Titanium-Countly-Messaging" */ = {
			isa = XCConfigurationList;
			buildConfigurations = (
				1DEB922308733DC00010E9CD /* Debug */,
				1DEB922408733DC00010E9CD /* Release */,
			);
			defaultConfigurationIsVisible = 0;
			defaultConfigurationName = Release;
		};
		24416B8A11C4CA520047AFDD /* Build configuration list for PBXAggregateTarget "Build & Test" */ = {
			isa = XCConfigurationList;
			buildConfigurations = (
				24416B8211C4CA220047AFDD /* Debug */,
				24416B8311C4CA220047AFDD /* Release */,
			);
			defaultConfigurationIsVisible = 0;
			defaultConfigurationName = Release;
		};
/* End XCConfigurationList section */
	};
	rootObject = 0867D690FE84028FC02AAC07 /* Project object */;
}
